// !$*UTF8*$!
{
	archiveVersion = 1;
	classes = {
	};
	objectVersion = 50;
	objects = {

/* Begin PBXBuildFile section */
		E83F82AE2444E0A40052DB21 /* AppDelegate.swift in Sources */ = {isa = PBXBuildFile; fileRef = E83F82AD2444E0A40052DB21 /* AppDelegate.swift */; };
		E83F82B02444E0A40052DB21 /* SceneDelegate.swift in Sources */ = {isa = PBXBuildFile; fileRef = E83F82AF2444E0A40052DB21 /* SceneDelegate.swift */; };
		E83F82B22444E0A40052DB21 /* ContentView.swift in Sources */ = {isa = PBXBuildFile; fileRef = E83F82B12444E0A40052DB21 /* ContentView.swift */; };
		E83F82B42444E0A60052DB21 /* Assets.xcassets in Resources */ = {isa = PBXBuildFile; fileRef = E83F82B32444E0A60052DB21 /* Assets.xcassets */; };
		E83F82B72444E0A60052DB21 /* Preview Assets.xcassets in Resources */ = {isa = PBXBuildFile; fileRef = E83F82B62444E0A60052DB21 /* Preview Assets.xcassets */; };
		E83F82BA2444E0A60052DB21 /* LaunchScreen.storyboard in Resources */ = {isa = PBXBuildFile; fileRef = E83F82B82444E0A60052DB21 /* LaunchScreen.storyboard */; };
/* End PBXBuildFile section */

/* Begin PBXFileReference section */
		E83F82AA2444E0A40052DB21 /* BloodPressure.app */ = {isa = PBXFileReference; explicitFileType = wrapper.application; includeInIndex = 0; path = BloodPressure.app; sourceTree = BUILT_PRODUCTS_DIR; };
		E83F82AD2444E0A40052DB21 /* AppDelegate.swift */ = {isa = PBXFileReference; lastKnownFileType = sourcecode.swift; path = AppDelegate.swift; sourceTree = "<group>"; };
		E83F82AF2444E0A40052DB21 /* SceneDelegate.swift */ = {isa = PBXFileReference; lastKnownFileType = sourcecode.swift; path = SceneDelegate.swift; sourceTree = "<group>"; };
		E83F82B12444E0A40052DB21 /* ContentView.swift */ = {isa = PBXFileReference; lastKnownFileType = sourcecode.swift; path = ContentView.swift; sourceTree = "<group>"; };
		E83F82B32444E0A60052DB21 /* Assets.xcassets */ = {isa = PBXFileReference; lastKnownFileType = folder.assetcatalog; path = Assets.xcassets; sourceTree = "<group>"; };
		E83F82B62444E0A60052DB21 /* Preview Assets.xcassets */ = {isa = PBXFileReference; lastKnownFileType = folder.assetcatalog; path = "Preview Assets.xcassets"; sourceTree = "<group>"; };
		E83F82B92444E0A60052DB21 /* Base */ = {isa = PBXFileReference; lastKnownFileType = file.storyboard; name = Base; path = Base.lproj/LaunchScreen.storyboard; sourceTree = "<group>"; };
		E83F82BB2444E0A60052DB21 /* Info.plist */ = {isa = PBXFileReference; lastKnownFileType = text.plist.xml; path = Info.plist; sourceTree = "<group>"; };
/* End PBXFileReference section */

/* Begin PBXFrameworksBuildPhase section */
		E83F82A72444E0A40052DB21 /* Frameworks */ = {
			isa = PBXFrameworksBuildPhase;
			buildActionMask = 2147483647;
			files = (
			);
			runOnlyForDeploymentPostprocessing = 0;
		};
/* End PBXFrameworksBuildPhase section */

/* Begin PBXGroup section */
		E83F82A12444E0A40052DB21 = {
			isa = PBXGroup;
			children = (
				E83F82AC2444E0A40052DB21 /* BloodPressure */,
				E83F82AB2444E0A40052DB21 /* Products */,
			);
			sourceTree = "<group>";
		};
		E83F82AB2444E0A40052DB21 /* Products */ = {
			isa = PBXGroup;
			children = (
				E83F82AA2444E0A40052DB21 /* BloodPressure.app */,
			);
			name = Products;
			sourceTree = "<group>";
		};
		E83F82AC2444E0A40052DB21 /* BloodPressure */ = {
			isa = PBXGroup;
			children = (
				E83F82AD2444E0A40052DB21 /* AppDelegate.swift */,
				E83F82AF2444E0A40052DB21 /* SceneDelegate.swift */,
				E83F82B12444E0A40052DB21 /* ContentView.swift */,
				E83F82B32444E0A60052DB21 /* Assets.xcassets */,
				E83F82B82444E0A60052DB21 /* LaunchScreen.storyboard */,
				E83F82BB2444E0A60052DB21 /* Info.plist */,
				E83F82B52444E0A60052DB21 /* Preview Content */,
			);
			path = BloodPressure;
			sourceTree = "<group>";
		};
		E83F82B52444E0A60052DB21 /* Preview Content */ = {
			isa = PBXGroup;
			children = (
				E83F82B62444E0A60052DB21 /* Preview Assets.xcassets */,
			);
			path = "Preview Content";
			sourceTree = "<group>";
		};
/* End PBXGroup section */

/* Begin PBXNativeTarget section */
		E83F82A92444E0A40052DB21 /* BloodPressure */ = {
			isa = PBXNativeTarget;
			buildConfigurationList = E83F82BE2444E0A60052DB21 /* Build configuration list for PBXNativeTarget "BloodPressure" */;
			buildPhases = (
				E83F82A62444E0A40052DB21 /* Sources */,
				E83F82A72444E0A40052DB21 /* Frameworks */,
				E83F82A82444E0A40052DB21 /* Resources */,
			);
			buildRules = (
			);
			dependencies = (
			);
			name = BloodPressure;
			productName = BloodPressure;
			productReference = E83F82AA2444E0A40052DB21 /* BloodPressure.app */;
			productType = "com.apple.product-type.application";
		};
/* End PBXNativeTarget section */

/* Begin PBXProject section */
		E83F82A22444E0A40052DB21 /* Project object */ = {
			isa = PBXProject;
			attributes = {
				LastSwiftUpdateCheck = 1140;
				LastUpgradeCheck = 1140;
				ORGANIZATIONNAME = "Roman Khodukin";
				TargetAttributes = {
					E83F82A92444E0A40052DB21 = {
						CreatedOnToolsVersion = 11.4;
					};
				};
			};
			buildConfigurationList = E83F82A52444E0A40052DB21 /* Build configuration list for PBXProject "BloodPressure" */;
			compatibilityVersion = "Xcode 9.3";
			developmentRegion = en;
			hasScannedForEncodings = 0;
			knownRegions = (
				en,
				Base,
			);
			mainGroup = E83F82A12444E0A40052DB21;
			productRefGroup = E83F82AB2444E0A40052DB21 /* Products */;
			projectDirPath = "";
			projectRoot = "";
			targets = (
				E83F82A92444E0A40052DB21 /* BloodPressure */,
			);
		};
/* End PBXProject section */

/* Begin PBXResourcesBuildPhase section */
		E83F82A82444E0A40052DB21 /* Resources */ = {
			isa = PBXResourcesBuildPhase;
			buildActionMask = 2147483647;
			files = (
				E83F82BA2444E0A60052DB21 /* LaunchScreen.storyboard in Resources */,
				E83F82B72444E0A60052DB21 /* Preview Assets.xcassets in Resources */,
				E83F82B42444E0A60052DB21 /* Assets.xcassets in Resources */,
			);
			runOnlyForDeploymentPostprocessing = 0;
		};
/* End PBXResourcesBuildPhase section */

/* Begin PBXSourcesBuildPhase section */
		E83F82A62444E0A40052DB21 /* Sources */ = {
			isa = PBXSourcesBuildPhase;
			buildActionMask = 2147483647;
			files = (
				E83F82AE2444E0A40052DB21 /* AppDelegate.swift in Sources */,
				E83F82B02444E0A40052DB21 /* SceneDelegate.swift in Sources */,
				E83F82B22444E0A40052DB21 /* ContentView.swift in Sources */,
			);
			runOnlyForDeploymentPostprocessing = 0;
		};
/* End PBXSourcesBuildPhase section */

/* Begin PBXVariantGroup section */
		E83F82B82444E0A60052DB21 /* LaunchScreen.storyboard */ = {
			isa = PBXVariantGroup;
			children = (
				E83F82B92444E0A60052DB21 /* Base */,
			);
			name = LaunchScreen.storyboard;
			sourceTree = "<group>";
		};
/* End PBXVariantGroup section */

/* Begin XCBuildConfiguration section */
		E83F82BC2444E0A60052DB21 /* Debug */ = {
			isa = XCBuildConfiguration;
			buildSettings = {
				ALWAYS_SEARCH_USER_PATHS = NO;
				CLANG_ANALYZER_NONNULL = YES;
				CLANG_ANALYZER_NUMBER_OBJECT_CONVERSION = YES_AGGRESSIVE;
				CLANG_CXX_LANGUAGE_STANDARD = "gnu++14";
				CLANG_CXX_LIBRARY = "libc++";
				CLANG_ENABLE_MODULES = YES;
				CLANG_ENABLE_OBJC_ARC = YES;
				CLANG_ENABLE_OBJC_WEAK = YES;
				CLANG_WARN_BLOCK_CAPTURE_AUTORELEASING = YES;
				CLANG_WARN_BOOL_CONVERSION = YES;
				CLANG_WARN_COMMA = YES;
				CLANG_WARN_CONSTANT_CONVERSION = YES;
				CLANG_WARN_DEPRECATED_OBJC_IMPLEMENTATIONS = YES;
				CLANG_WARN_DIRECT_OBJC_ISA_USAGE = YES_ERROR;
				CLANG_WARN_DOCUMENTATION_COMMENTS = YES;
				CLANG_WARN_EMPTY_BODY = YES;
				CLANG_WARN_ENUM_CONVERSION = YES;
				CLANG_WARN_INFINITE_RECURSION = YES;
				CLANG_WARN_INT_CONVERSION = YES;
				CLANG_WARN_NON_LITERAL_NULL_CONVERSION = YES;
				CLANG_WARN_OBJC_IMPLICIT_RETAIN_SELF = YES;
				CLANG_WARN_OBJC_LITERAL_CONVERSION = YES;
				CLANG_WARN_OBJC_ROOT_CLASS = YES_ERROR;
				CLANG_WARN_RANGE_LOOP_ANALYSIS = YES;
				CLANG_WARN_STRICT_PROTOTYPES = YES;
				CLANG_WARN_SUSPICIOUS_MOVE = YES;
				CLANG_WARN_UNGUARDED_AVAILABILITY = YES_AGGRESSIVE;
				CLANG_WARN_UNREACHABLE_CODE = YES;
				CLANG_WARN__DUPLICATE_METHOD_MATCH = YES;
				COPY_PHASE_STRIP = NO;
				DEBUG_INFORMATION_FORMAT = dwarf;
				ENABLE_STRICT_OBJC_MSGSEND = YES;
				ENABLE_TESTABILITY = YES;
				GCC_C_LANGUAGE_STANDARD = gnu11;
				GCC_DYNAMIC_NO_PIC = NO;
				GCC_NO_COMMON_BLOCKS = YES;
				GCC_OPTIMIZATION_LEVEL = 0;
				GCC_PREPROCESSOR_DEFINITIONS = (
					"DEBUG=1",
					"$(inherited)",
				);
				GCC_WARN_64_TO_32_BIT_CONVERSION = YES;
				GCC_WARN_ABOUT_RETURN_TYPE = YES_ERROR;
				GCC_WARN_UNDECLARED_SELECTOR = YES;
				GCC_WARN_UNINITIALIZED_AUTOS = YES_AGGRESSIVE;
				GCC_WARN_UNUSED_FUNCTION = YES;
				GCC_WARN_UNUSED_VARIABLE = YES;
				IPHONEOS_DEPLOYMENT_TARGET = 13.4;
				MTL_ENABLE_DEBUG_INFO = INCLUDE_SOURCE;
				MTL_FAST_MATH = YES;
				ONLY_ACTIVE_ARCH = YES;
				SDKROOT = iphoneos;
				SWIFT_ACTIVE_COMPILATION_CONDITIONS = DEBUG;
				SWIFT_OPTIMIZATION_LEVEL = "-Onone";
			};
			name = Debug;
		};
		E83F82BD2444E0A60052DB21 /* Release */ = {
			isa = XCBuildConfiguration;
			buildSettings = {
				ALWAYS_SEARCH_USER_PATHS = NO;
				CLANG_ANALYZER_NONNULL = YES;
				CLANG_ANALYZER_NUMBER_OBJECT_CONVERSION = YES_AGGRESSIVE;
				CLANG_CXX_LANGUAGE_STANDARD = "gnu++14";
				CLANG_CXX_LIBRARY = "libc++";
				CLANG_ENABLE_MODULES = YES;
				CLANG_ENABLE_OBJC_ARC = YES;
				CLANG_ENABLE_OBJC_WEAK = YES;
				CLANG_WARN_BLOCK_CAPTURE_AUTORELEASING = YES;
				CLANG_WARN_BOOL_CONVERSION = YES;
				CLANG_WARN_COMMA = YES;
				CLANG_WARN_CONSTANT_CONVERSION = YES;
				CLANG_WARN_DEPRECATED_OBJC_IMPLEMENTATIONS = YES;
				CLANG_WARN_DIRECT_OBJC_ISA_USAGE = YES_ERROR;
				CLANG_WARN_DOCUMENTATION_COMMENTS = YES;
				CLANG_WARN_EMPTY_BODY = YES;
				CLANG_WARN_ENUM_CONVERSION = YES;
				CLANG_WARN_INFINITE_RECURSION = YES;
				CLANG_WARN_INT_CONVERSION = YES;
				CLANG_WARN_NON_LITERAL_NULL_CONVERSION = YES;
				CLANG_WARN_OBJC_IMPLICIT_RETAIN_SELF = YES;
				CLANG_WARN_OBJC_LITERAL_CONVERSION = YES;
				CLANG_WARN_OBJC_ROOT_CLASS = YES_ERROR;
				CLANG_WARN_RANGE_LOOP_ANALYSIS = YES;
				CLANG_WARN_STRICT_PROTOTYPES = YES;
				CLANG_WARN_SUSPICIOUS_MOVE = YES;
				CLANG_WARN_UNGUARDED_AVAILABILITY = YES_AGGRESSIVE;
				CLANG_WARN_UNREACHABLE_CODE = YES;
				CLANG_WARN__DUPLICATE_METHOD_MATCH = YES;
				COPY_PHASE_STRIP = NO;
				DEBUG_INFORMATION_FORMAT = "dwarf-with-dsym";
				ENABLE_NS_ASSERTIONS = NO;
				ENABLE_STRICT_OBJC_MSGSEND = YES;
				GCC_C_LANGUAGE_STANDARD = gnu11;
				GCC_NO_COMMON_BLOCKS = YES;
				GCC_WARN_64_TO_32_BIT_CONVERSION = YES;
				GCC_WARN_ABOUT_RETURN_TYPE = YES_ERROR;
				GCC_WARN_UNDECLARED_SELECTOR = YES;
				GCC_WARN_UNINITIALIZED_AUTOS = YES_AGGRESSIVE;
				GCC_WARN_UNUSED_FUNCTION = YES;
				GCC_WARN_UNUSED_VARIABLE = YES;
				IPHONEOS_DEPLOYMENT_TARGET = 13.4;
				MTL_ENABLE_DEBUG_INFO = NO;
				MTL_FAST_MATH = YES;
				SDKROOT = iphoneos;
				SWIFT_COMPILATION_MODE = wholemodule;
				SWIFT_OPTIMIZATION_LEVEL = "-O";
				VALIDATE_PRODUCT = YES;
			};
			name = Release;
		};
		E83F82BF2444E0A60052DB21 /* Debug */ = {
			isa = XCBuildConfiguration;
			buildSettings = {
				ASSETCATALOG_COMPILER_APPICON_NAME = AppIcon;
				CODE_SIGN_STYLE = Automatic;
				DEVELOPMENT_ASSET_PATHS = "\"BloodPressure/Preview Content\"";
				DEVELOPMENT_TEAM = AC7SNZV8BM;
				ENABLE_PREVIEWS = YES;
				INFOPLIST_FILE = BloodPressure/Info.plist;
				LD_RUNPATH_SEARCH_PATHS = (
					"$(inherited)",
					"@executable_path/Frameworks",
				);
				PRODUCT_BUNDLE_IDENTIFIER = com.testapp.rkhdeveloper.BloodPressure;
				PRODUCT_NAME = "$(TARGET_NAME)";
				SWIFT_VERSION = 5.0;
				TARGETED_DEVICE_FAMILY = "1,2";
			};
			name = Debug;
		};
		E83F82C02444E0A60052DB21 /* Release */ = {
			isa = XCBuildConfiguration;
			buildSettings = {
				ASSETCATALOG_COMPILER_APPICON_NAME = AppIcon;
				CODE_SIGN_STYLE = Automatic;
				DEVELOPMENT_ASSET_PATHS = "\"BloodPressure/Preview Content\"";
				DEVELOPMENT_TEAM = AC7SNZV8BM;
				ENABLE_PREVIEWS = YES;
				INFOPLIST_FILE = BloodPressure/Info.plist;
				LD_RUNPATH_SEARCH_PATHS = (
					"$(inherited)",
					"@executable_path/Frameworks",
				);
				PRODUCT_BUNDLE_IDENTIFIER = com.testapp.rkhdeveloper.BloodPressure;
				PRODUCT_NAME = "$(TARGET_NAME)";
				SWIFT_VERSION = 5.0;
				TARGETED_DEVICE_FAMILY = "1,2";
			};
			name = Release;
		};
/* End XCBuildConfiguration section */

/* Begin XCConfigurationList section */
		E83F82A52444E0A40052DB21 /* Build configuration list for PBXProject "BloodPressure" */ = {
			isa = XCConfigurationList;
			buildConfigurations = (
				E83F82BC2444E0A60052DB21 /* Debug */,
				E83F82BD2444E0A60052DB21 /* Release */,
			);
			defaultConfigurationIsVisible = 0;
			defaultConfigurationName = Release;
		};
		E83F82BE2444E0A60052DB21 /* Build configuration list for PBXNativeTarget "BloodPressure" */ = {
			isa = XCConfigurationList;
			buildConfigurations = (
				E83F82BF2444E0A60052DB21 /* Debug */,
				E83F82C02444E0A60052DB21 /* Release */,
			);
			defaultConfigurationIsVisible = 0;
			defaultConfigurationName = Release;
		};
/* End XCConfigurationList section */
	};
	rootObject = E83F82A22444E0A40052DB21 /* Project object */;
}
